
Microsoft Visual Studio Solution File, Format Version 12.00
# Visual Studio Version 17
VisualStudioVersion = 17.11.35222.181
MinimumVisualStudioVersion = 10.0.40219.1
Project("{9A19103F-16F7-4668-BE54-9A1E7A4F7556}") = "ListaDoble", "ListaDoble\ListaDoble.csproj", "{C109CD55-178B-4B88-B47B-68C8A9B0D3DB}"
EndProject
Project("{FAE04EC0-301F-11D3-BF4B-00C04F79EFBC}") = "ListaDobleTests", "ListaDobleTests\ListaDobleTests.csproj", "{E6F6D982-BFFB-41DC-8165-3955BD27322C}"
EndProject
Global
	GlobalSection(SolutionConfigurationPlatforms) = preSolution
		Debug|Any CPU = Debug|Any CPU
		Release|Any CPU = Release|Any CPU
	EndGlobalSection
	GlobalSection(ProjectConfigurationPlatforms) = postSolution
		{C109CD55-178B-4B88-B47B-68C8A9B0D3DB}.Debug|Any CPU.ActiveCfg = Debug|Any CPU
		{C109CD55-178B-4B88-B47B-68C8A9B0D3DB}.Debug|Any CPU.Build.0 = Debug|Any CPU
		{C109CD55-178B-4B88-B47B-68C8A9B0D3DB}.Release|Any CPU.ActiveCfg = Release|Any CPU
		{C109CD55-178B-4B88-B47B-68C8A9B0D3DB}.Release|Any CPU.Build.0 = Release|Any CPU
		{E6F6D982-BFFB-41DC-8165-3955BD27322C}.Debug|Any CPU.ActiveCfg = Debug|Any CPU
		{E6F6D982-BFFB-41DC-8165-3955BD27322C}.Debug|Any CPU.Build.0 = Debug|Any CPU
		{E6F6D982-BFFB-41DC-8165-3955BD27322C}.Release|Any CPU.ActiveCfg = Release|Any CPU
		{E6F6D982-BFFB-41DC-8165-3955BD27322C}.Release|Any CPU.Build.0 = Release|Any CPU
	EndGlobalSection
	GlobalSection(SolutionProperties) = preSolution
		HideSolutionNode = FALSE
	EndGlobalSection
	GlobalSection(ExtensibilityGlobals) = postSolution
		SolutionGuid = {5D617339-B4D4-458F-8B0D-4C576BD9ACE9}
	EndGlobalSection
EndGlobal
